
Microsoft Visual Studio Solution File, Format Version 12.00
# Visual Studio Version 17
VisualStudioVersion = 17.5.33209.295
MinimumVisualStudioVersion = 10.0.40219.1
Project("{9A19103F-16F7-4668-BE54-9A1E7A4F7556}") = "tSeracherr.Entity", "tSeracherr.Entity\tSeracherr.Entity.csproj", "{091D223E-D620-4CFC-8462-A3265CB613E0}"
EndProject
Project("{9A19103F-16F7-4668-BE54-9A1E7A4F7556}") = "tSeracher.Service", "tSeracher.Service\tSeracher.Service.csproj", "{83A406FD-305F-45EE-8493-7258321E414F}"
EndProject
Project("{9A19103F-16F7-4668-BE54-9A1E7A4F7556}") = "tSeracherr.WPF", "tSeracherr.WPF\tSeracherr.WPF.csproj", "{B8F9D410-E616-44BB-A034-69C1FA762E3C}"
EndProject
Project("{9A19103F-16F7-4668-BE54-9A1E7A4F7556}") = "tSeracher.ServiceTests", "tSeracher.ServiceTests\tSeracher.ServiceTests.csproj", "{E7372B99-EAAE-45C5-AFCC-8529E65C1627}"
EndProject
Project("{FAE04EC0-301F-11D3-BF4B-00C04F79EFBC}") = "tSeracher.Domain", "tSeracher.Domain\tSeracher.Domain.csproj", "{952BC2D0-7DC2-4687-93EB-90B2A3D7C3A2}"
EndProject
Global
	GlobalSection(SolutionConfigurationPlatforms) = preSolution
		Debug|Any CPU = Debug|Any CPU
		Release|Any CPU = Release|Any CPU
	EndGlobalSection
	GlobalSection(ProjectConfigurationPlatforms) = postSolution
		{091D223E-D620-4CFC-8462-A3265CB613E0}.Debug|Any CPU.ActiveCfg = Debug|Any CPU
		{091D223E-D620-4CFC-8462-A3265CB613E0}.Debug|Any CPU.Build.0 = Debug|Any CPU
		{091D223E-D620-4CFC-8462-A3265CB613E0}.Release|Any CPU.ActiveCfg = Release|Any CPU
		{091D223E-D620-4CFC-8462-A3265CB613E0}.Release|Any CPU.Build.0 = Release|Any CPU
		{83A406FD-305F-45EE-8493-7258321E414F}.Debug|Any CPU.ActiveCfg = Debug|Any CPU
		{83A406FD-305F-45EE-8493-7258321E414F}.Debug|Any CPU.Build.0 = Debug|Any CPU
		{83A406FD-305F-45EE-8493-7258321E414F}.Release|Any CPU.ActiveCfg = Release|Any CPU
		{83A406FD-305F-45EE-8493-7258321E414F}.Release|Any CPU.Build.0 = Release|Any CPU
		{B8F9D410-E616-44BB-A034-69C1FA762E3C}.Debug|Any CPU.ActiveCfg = Debug|Any CPU
		{B8F9D410-E616-44BB-A034-69C1FA762E3C}.Debug|Any CPU.Build.0 = Debug|Any CPU
		{B8F9D410-E616-44BB-A034-69C1FA762E3C}.Release|Any CPU.ActiveCfg = Release|Any CPU
		{B8F9D410-E616-44BB-A034-69C1FA762E3C}.Release|Any CPU.Build.0 = Release|Any CPU
		{E7372B99-EAAE-45C5-AFCC-8529E65C1627}.Debug|Any CPU.ActiveCfg = Debug|Any CPU
		{E7372B99-EAAE-45C5-AFCC-8529E65C1627}.Debug|Any CPU.Build.0 = Debug|Any CPU
		{E7372B99-EAAE-45C5-AFCC-8529E65C1627}.Release|Any CPU.ActiveCfg = Release|Any CPU
		{E7372B99-EAAE-45C5-AFCC-8529E65C1627}.Release|Any CPU.Build.0 = Release|Any CPU
		{952BC2D0-7DC2-4687-93EB-90B2A3D7C3A2}.Debug|Any CPU.ActiveCfg = Debug|Any CPU
		{952BC2D0-7DC2-4687-93EB-90B2A3D7C3A2}.Debug|Any CPU.Build.0 = Debug|Any CPU
		{952BC2D0-7DC2-4687-93EB-90B2A3D7C3A2}.Release|Any CPU.ActiveCfg = Release|Any CPU
		{952BC2D0-7DC2-4687-93EB-90B2A3D7C3A2}.Release|Any CPU.Build.0 = Release|Any CPU
	EndGlobalSection
	GlobalSection(SolutionProperties) = preSolution
		HideSolutionNode = FALSE
	EndGlobalSection
	GlobalSection(ExtensibilityGlobals) = postSolution
		SolutionGuid = {C90F3968-611C-4C74-8176-538A95732FDC}
	EndGlobalSection
EndGlobal
